{
    "_meta": {
        "hash": {
            "sha256": "87dfca4f9599d3575a07ca58ea2de47b5012a9611bcaa01bd831b6088abf1862"
        },
        "pipfile-spec": 6,
        "requires": {
            "python_version": "3.8"
        },
        "sources": [
            {
                "name": "pypi",
                "url": "https://${USERNAME}:${PASSWORD}@jfrog.devstack.vwgroup.com/artifactory/api/pypi/pypi/simple",
                "verify_ssl": true
            }
        ]
    },
    "default": {
        "attrs": {
            "hashes": [
                "sha256:29adc2665447e5191d0e7c568fde78b21f9672d344281d0c6e1ab085429b22b6",
                "sha256:86efa402f67bf2df34f51a335487cf46b1ec130d02b8d39fd248abfd30da551c"
            ],
            "index": "pypi",
            "version": "==22.1.0"
        },
        "boto3": {
            "hashes": [
                "sha256:2fe4edec0e02705059e6baac52e29f97fae6086bf8b817e6ca0e49b48c0fbbf2",
                "sha256:efa4aea4d30e93f8913a5731ab4de7b6d2020ee77cdde7e61bfae56670da1a14"
            ],
            "index": "pypi",
            "version": "==1.19.9"
        },
        "botocore": {
            "hashes": [
                "sha256:612d26b58f790d267cc7714e82262104b681db799655b6dd6b64fcd9caf08bef",
                "sha256:7b59367bace96595e9feeed9765c7178278c55531b2b9e07b7618911e9f0a00b"
            ],
            "index": "pypi",
            "version": "==1.22.9"
        },
        "certifi": {
            "hashes": [
                "sha256:35824b4c3a97115964b408844d64aa14db1cc518f6562e8d7261699d1350a9e3",
                "sha256:4ad3232f5e926d6718ec31cfc1fcadfde020920e278684144551c91769c7bc18"
            ],
            "index": "pypi",
            "version": "==2022.12.7"
        },
        "coverage": {
            "hashes": [
                "sha256:01774a2c2c729619760320270e42cd9e797427ecfddd32c2a7b639cdc481f3c0",
                "sha256:03b20e52b7d31be571c9c06b74746746d4eb82fc260e594dc662ed48145e9efd",
                "sha256:0a7726f74ff63f41e95ed3a89fef002916c828bb5fcae83b505b49d81a066884",
                "sha256:1219d760ccfafc03c0822ae2e06e3b1248a8e6d1a70928966bafc6838d3c9e48",
                "sha256:13362889b2d46e8d9f97c421539c97c963e34031ab0cb89e8ca83a10cc71ac76",
                "sha256:174cf9b4bef0db2e8244f82059a5a72bd47e1d40e71c68ab055425172b16b7d0",
                "sha256:17e6c11038d4ed6e8af1407d9e89a2904d573be29d51515f14262d7f10ef0a64",
                "sha256:215f8afcc02a24c2d9a10d3790b21054b58d71f4b3c6f055d4bb1b15cecce685",
                "sha256:22e60a3ca5acba37d1d4a2ee66e051f5b0e1b9ac950b5b0cf4aa5366eda41d47",
                "sha256:2641f803ee9f95b1f387f3e8f3bf28d83d9b69a39e9911e5bfee832bea75240d",
                "sha256:276651978c94a8c5672ea60a2656e95a3cce2a3f31e9fb2d5ebd4c215d095840",
                "sha256:3f7c17209eef285c86f819ff04a6d4cbee9b33ef05cbcaae4c0b4e8e06b3ec8f",
                "sha256:3feac4084291642165c3a0d9eaebedf19ffa505016c4d3db15bfe235718d4971",
                "sha256:49dbff64961bc9bdd2289a2bda6a3a5a331964ba5497f694e2cbd540d656dc1c",
                "sha256:4e547122ca2d244f7c090fe3f4b5a5861255ff66b7ab6d98f44a0222aaf8671a",
                "sha256:5829192582c0ec8ca4a2532407bc14c2f338d9878a10442f5d03804a95fac9de",
                "sha256:5d6b09c972ce9200264c35a1d53d43ca55ef61836d9ec60f0d44273a31aa9f17",
                "sha256:600617008aa82032ddeace2535626d1bc212dfff32b43989539deda63b3f36e4",
                "sha256:619346d57c7126ae49ac95b11b0dc8e36c1dd49d148477461bb66c8cf13bb521",
                "sha256:63c424e6f5b4ab1cf1e23a43b12f542b0ec2e54f99ec9f11b75382152981df57",
                "sha256:6dbc1536e105adda7a6312c778f15aaabe583b0e9a0b0a324990334fd458c94b",
                "sha256:6e1394d24d5938e561fbeaa0cd3d356207579c28bd1792f25a068743f2d5b282",
                "sha256:86f2e78b1eff847609b1ca8050c9e1fa3bd44ce755b2ec30e70f2d3ba3844644",
                "sha256:8bdfe9ff3a4ea37d17f172ac0dff1e1c383aec17a636b9b35906babc9f0f5475",
                "sha256:8e2c35a4c1f269704e90888e56f794e2d9c0262fb0c1b1c8c4ee44d9b9e77b5d",
                "sha256:92b8c845527eae547a2a6617d336adc56394050c3ed8a6918683646328fbb6da",
                "sha256:9365ed5cce5d0cf2c10afc6add145c5037d3148585b8ae0e77cc1efdd6aa2953",
                "sha256:9a29311bd6429be317c1f3fe4bc06c4c5ee45e2fa61b2a19d4d1d6111cb94af2",
                "sha256:9a2b5b52be0a8626fcbffd7e689781bf8c2ac01613e77feda93d96184949a98e",
                "sha256:a4bdeb0a52d1d04123b41d90a4390b096f3ef38eee35e11f0b22c2d031222c6c",
                "sha256:a9c8c4283e17690ff1a7427123ffb428ad6a52ed720d550e299e8291e33184dc",
                "sha256:b637c57fdb8be84e91fac60d9325a66a5981f8086c954ea2772efe28425eaf64",
                "sha256:bf154ba7ee2fd613eb541c2bc03d3d9ac667080a737449d1a3fb342740eb1a74",
                "sha256:c254b03032d5a06de049ce8bca8338a5185f07fb76600afff3c161e053d88617",
                "sha256:c332d8f8d448ded473b97fefe4a0983265af21917d8b0cdcb8bb06b2afe632c3",
                "sha256:c7912d1526299cb04c88288e148c6c87c0df600eca76efd99d84396cfe00ef1d",
                "sha256:cfd9386c1d6f13b37e05a91a8583e802f8059bebfccde61a418c5808dea6bbfa",
                "sha256:d5d2033d5db1d58ae2d62f095e1aefb6988af65b4b12cb8987af409587cc0739",
                "sha256:dca38a21e4423f3edb821292e97cec7ad38086f84313462098568baedf4331f8",
                "sha256:e2cad8093172b7d1595b4ad66f24270808658e11acf43a8f95b41276162eb5b8",
                "sha256:e3db840a4dee542e37e09f30859f1612da90e1c5239a6a2498c473183a50e781",
                "sha256:edcada2e24ed68f019175c2b2af2a8b481d3d084798b8c20d15d34f5c733fa58",
                "sha256:f467bbb837691ab5a8ca359199d3429a11a01e6dfb3d9dcc676dc035ca93c0a9",
                "sha256:f506af4f27def639ba45789fa6fde45f9a217da0be05f8910458e4557eed020c",
                "sha256:f614fc9956d76d8a88a88bb41ddc12709caa755666f580af3a688899721efecd",
                "sha256:f9afb5b746781fc2abce26193d1c817b7eb0e11459510fba65d2bd77fe161d9e",
                "sha256:fb8b8ee99b3fffe4fd86f4c81b35a6bf7e4462cba019997af2fe679365db0c49"
            ],
            "index": "pypi",
            "version": "==6.2"
        },
        "delta-spark": {
            "hashes": [
                "sha256:2f0e0b4f341e26d19c9bc6300bcaf843d366d6f07c0928d9717f0dfa199e4953",
                "sha256:a3d20dbd6e0cf6addd07bbf7342d2c3662305eb7607aeea7b66b52b97d21ded4"
            ],
            "index": "pypi",
            "version": "==1.0.0"
        },
        "deltalake": {
            "hashes": [
                "sha256:3128d6df02ea2a82b2227195743f305f3bac66f308848bb58ba10a79b8565d7a",
                "sha256:7f9029a741522d8c8ef58e41d6ecc4541d8fa2f253248793fc24db4fc755739c",
                "sha256:af2753e5c5f5213c77bb0b0cb18865fb69cf68be500bac3839219fe846d935b4",
                "sha256:e36f45bfa7477ce16809f1e0baddd2672bf02f5c85d7d136a5d4508ed521054b",
                "sha256:eb419eac9382fd01390f091215e31c5c3bb4d29e421ffc94a55cd306805b1dfa"
            ],
            "index": "pypi",
            "version": "==0.5.6"
        },
        "dependency-check": {
            "hashes": [
                "sha256:6fa00b63fbdba57210825675956467ea67693a47b6ef192046f9a51732f22c7f",
                "sha256:e237d12d038463b0b85d6ef89e6ccda512aaffd1c638904f1f28c5745fa9a56d"
            ],
            "index": "pypi",
            "version": "==0.6.0"
        },
        "exceptiongroup": {
            "hashes": [
                "sha256:542adf9dea4055530d6e1279602fa5cb11dab2395fa650b8674eaec35fc4a828",
                "sha256:bd14967b79cd9bdb54d97323216f8fdf533e278df937aa2a90089e7d6e06e5ec"
            ],
            "index": "pypi",
            "version": "==1.0.4"
        },
        "future": {
            "hashes": [
                "sha256:34a17436ed1e96697a86f9de3d15a3b0be01d8bc8de9c1dffd59fb8234ed5307"
            ],
            "markers": "python_version >= '2.6' and python_version not in '3.0, 3.1, 3.2'",
            "version": "==0.18.3"
        },
        "greenlet": {
            "hashes": [
                "sha256:03a8f4f3430c3b3ff8d10a2a86028c660355ab637cee9333d63d66b56f09d52a",
                "sha256:0bf60faf0bc2468089bdc5edd10555bab6e85152191df713e2ab1fcc86382b5a",
                "sha256:18a7f18b82b52ee85322d7a7874e676f34ab319b9f8cce5de06067384aa8ff43",
                "sha256:18e98fb3de7dba1c0a852731c3070cf022d14f0d68b4c87a19cc1016f3bb8b33",
                "sha256:1a819eef4b0e0b96bb0d98d797bef17dc1b4a10e8d7446be32d1da33e095dbb8",
                "sha256:26fbfce90728d82bc9e6c38ea4d038cba20b7faf8a0ca53a9c07b67318d46088",
                "sha256:2780572ec463d44c1d3ae850239508dbeb9fed38e294c68d19a24d925d9223ca",
                "sha256:283737e0da3f08bd637b5ad058507e578dd462db259f7f6e4c5c365ba4ee9343",
                "sha256:2d4686f195e32d36b4d7cf2d166857dbd0ee9f3d20ae349b6bf8afc8485b3645",
                "sha256:2dd11f291565a81d71dab10b7033395b7a3a5456e637cf997a6f33ebdf06f8db",
                "sha256:30bcf80dda7f15ac77ba5af2b961bdd9dbc77fd4ac6105cee85b0d0a5fcf74df",
                "sha256:32e5b64b148966d9cccc2c8d35a671409e45f195864560829f395a54226408d3",
                "sha256:36abbf031e1c0f79dd5d596bfaf8e921c41df2bdf54ee1eed921ce1f52999a86",
                "sha256:3a06ad5312349fec0ab944664b01d26f8d1f05009566339ac6f63f56589bc1a2",
                "sha256:3a51c9751078733d88e013587b108f1b7a1fb106d402fb390740f002b6f6551a",
                "sha256:3c9b12575734155d0c09d6c3e10dbd81665d5c18e1a7c6597df72fd05990c8cf",
                "sha256:3f6ea9bd35eb450837a3d80e77b517ea5bc56b4647f5502cd28de13675ee12f7",
                "sha256:4b58adb399c4d61d912c4c331984d60eb66565175cdf4a34792cd9600f21b394",
                "sha256:4d2e11331fc0c02b6e84b0d28ece3a36e0548ee1a1ce9ddde03752d9b79bba40",
                "sha256:5454276c07d27a740c5892f4907c86327b632127dd9abec42ee62e12427ff7e3",
                "sha256:561091a7be172ab497a3527602d467e2b3fbe75f9e783d8b8ce403fa414f71a6",
                "sha256:6c3acb79b0bfd4fe733dff8bc62695283b57949ebcca05ae5c129eb606ff2d74",
                "sha256:703f18f3fda276b9a916f0934d2fb6d989bf0b4fb5a64825260eb9bfd52d78f0",
                "sha256:7492e2b7bd7c9b9916388d9df23fa49d9b88ac0640db0a5b4ecc2b653bf451e3",
                "sha256:76ae285c8104046b3a7f06b42f29c7b73f77683df18c49ab5af7983994c2dd91",
                "sha256:7cafd1208fdbe93b67c7086876f061f660cfddc44f404279c1585bbf3cdc64c5",
                "sha256:7efde645ca1cc441d6dc4b48c0f7101e8d86b54c8530141b09fd31cef5149ec9",
                "sha256:88d9ab96491d38a5ab7c56dd7a3cc37d83336ecc564e4e8816dbed12e5aaefc8",
                "sha256:8eab883b3b2a38cc1e050819ef06a7e6344d4a990d24d45bc6f2cf959045a45b",
                "sha256:910841381caba4f744a44bf81bfd573c94e10b3045ee00de0cbf436fe50673a6",
                "sha256:9190f09060ea4debddd24665d6804b995a9c122ef5917ab26e1566dcc712ceeb",
                "sha256:937e9020b514ceedb9c830c55d5c9872abc90f4b5862f89c0887033ae33c6f73",
                "sha256:94c817e84245513926588caf1152e3b559ff794d505555211ca041f032abbb6b",
                "sha256:971ce5e14dc5e73715755d0ca2975ac88cfdaefcaab078a284fea6cfabf866df",
                "sha256:9d14b83fab60d5e8abe587d51c75b252bcc21683f24699ada8fb275d7712f5a9",
                "sha256:9f35ec95538f50292f6d8f2c9c9f8a3c6540bbfec21c9e5b4b751e0a7c20864f",
                "sha256:a1846f1b999e78e13837c93c778dcfc3365902cfb8d1bdb7dd73ead37059f0d0",
                "sha256:acd2162a36d3de67ee896c43effcd5ee3de247eb00354db411feb025aa319857",
                "sha256:b0ef99cdbe2b682b9ccbb964743a6aca37905fda5e0452e5ee239b1654d37f2a",
                "sha256:b80f600eddddce72320dbbc8e3784d16bd3fb7b517e82476d8da921f27d4b249",
                "sha256:b864ba53912b6c3ab6bcb2beb19f19edd01a6bfcbdfe1f37ddd1778abfe75a30",
                "sha256:b9ec052b06a0524f0e35bd8790686a1da006bd911dd1ef7d50b77bfbad74e292",
                "sha256:ba2956617f1c42598a308a84c6cf021a90ff3862eddafd20c3333d50f0edb45b",
                "sha256:bdfea8c661e80d3c1c99ad7c3ff74e6e87184895bbaca6ee8cc61209f8b9b85d",
                "sha256:be4ed120b52ae4d974aa40215fcdfde9194d63541c7ded40ee12eb4dda57b76b",
                "sha256:c4302695ad8027363e96311df24ee28978162cdcdd2006476c43970b384a244c",
                "sha256:c48f54ef8e05f04d6eff74b8233f6063cb1ed960243eacc474ee73a2ea8573ca",
                "sha256:c9c59a2120b55788e800d82dfa99b9e156ff8f2227f07c5e3012a45a399620b7",
                "sha256:cd021c754b162c0fb55ad5d6b9d960db667faad0fa2ff25bb6e1301b0b6e6a75",
                "sha256:d27ec7509b9c18b6d73f2f5ede2622441de812e7b1a80bbd446cb0633bd3d5ae",
                "sha256:d5508f0b173e6aa47273bdc0a0b5ba055b59662ba7c7ee5119528f466585526b",
                "sha256:d75209eed723105f9596807495d58d10b3470fa6732dd6756595e89925ce2470",
                "sha256:db1a39669102a1d8d12b57de2bb7e2ec9066a6f2b3da35ae511ff93b01b5d564",
                "sha256:dbfcfc0218093a19c252ca8eb9aee3d29cfdcb586df21049b9d777fd32c14fd9",
                "sha256:e0f72c9ddb8cd28532185f54cc1453f2c16fb417a08b53a855c4e6a418edd099",
                "sha256:e7c8dc13af7db097bed64a051d2dd49e9f0af495c26995c00a9ee842690d34c0",
                "sha256:ea9872c80c132f4663822dd2a08d404073a5a9b5ba6155bea72fb2a79d1093b5",
                "sha256:eff4eb9b7eb3e4d0cae3d28c283dc16d9bed6b193c2e1ace3ed86ce48ea8df19",
                "sha256:f82d4d717d8ef19188687aa32b8363e96062911e63ba22a0cff7802a8e58e5f1",
                "sha256:fc3a569657468b6f3fb60587e48356fe512c1754ca05a564f11366ac9e306526"
            ],
            "markers": "python_version >= '3' and (platform_machine == 'aarch64' or (platform_machine == 'ppc64le' or (platform_machine == 'x86_64' or (platform_machine == 'amd64' or (platform_machine == 'AMD64' or (platform_machine == 'win32' or platform_machine == 'WIN32'))))))",
            "version": "==2.0.2"
        },
        "importlib-metadata": {
            "hashes": [
                "sha256:7efb448ec9a5e313a57655d35aa54cd3e01b7e1fbcf72dce1bf06119420f5bad",
                "sha256:e354bedeb60efa6affdcc8ae121b73544a7aa74156d047311948f6d711cd378d"
            ],
            "markers": "python_version >= '3.7'",
            "version": "==6.0.0"
        },
        "iniconfig": {
            "hashes": [
                "sha256:2d91e135bf72d31a410b17c16da610a82cb55f6b0477d1a902134b24a455b8b3",
                "sha256:b6a85871a79d2e3b22d2d1b94ac2824226a63c6b741c88f7ae975f18b6778374"
            ],
            "markers": "python_version >= '3.7'",
            "version": "==2.0.0"
        },
        "jmespath": {
            "hashes": [
                "sha256:b85d0567b8666149a93172712e68920734333c0ce7e89b78b3e987f71e5ed4f9",
                "sha256:cdf6525904cc597730141d61b36f2e4b8ecc257c420fa2f4549bac2c2d0cb72f"
            ],
            "markers": "python_version >= '2.6' and python_version not in '3.0, 3.1, 3.2'",
            "version": "==0.10.0"
        },
        "numpy": {
            "hashes": [
                "sha256:003a9f530e880cb2cd177cba1af7220b9aa42def9c4afc2a2fc3ee6be7eb2b22",
                "sha256:150947adbdfeceec4e5926d956a06865c1c690f2fd902efede4ca6fe2e657c3f",
                "sha256:2620e8592136e073bd12ee4536149380695fbe9ebeae845b81237f986479ffc9",
                "sha256:2eabd64ddb96a1239791da78fa5f4e1693ae2dadc82a76bc76a14cbb2b966e96",
                "sha256:4173bde9fa2a005c2c6e2ea8ac1618e2ed2c1c6ec8a7657237854d42094123a0",
                "sha256:4199e7cfc307a778f72d293372736223e39ec9ac096ff0a2e64853b866a8e18a",
                "sha256:4cecaed30dc14123020f77b03601559fff3e6cd0c048f8b5289f4eeabb0eb281",
                "sha256:557d42778a6869c2162deb40ad82612645e21d79e11c1dc62c6e82a2220ffb04",
                "sha256:63e45511ee4d9d976637d11e6c9864eae50e12dc9598f531c035265991910468",
                "sha256:6524630f71631be2dabe0c541e7675db82651eb998496bbe16bc4f77f0772253",
                "sha256:76807b4063f0002c8532cfeac47a3068a69561e9c8715efdad3c642eb27c0756",
                "sha256:7de8fdde0003f4294655aa5d5f0a89c26b9f22c0a58790c38fae1ed392d44a5a",
                "sha256:889b2cc88b837d86eda1b17008ebeb679d82875022200c6e8e4ce6cf549b7acb",
                "sha256:92011118955724465fb6853def593cf397b4a1367495e0b59a7e69d40c4eb71d",
                "sha256:97cf27e51fa078078c649a51d7ade3c92d9e709ba2bfb97493007103c741f1d0",
                "sha256:9a23f8440561a633204a67fb44617ce2a299beecf3295f0d13c495518908e910",
                "sha256:a51725a815a6188c662fb66fb32077709a9ca38053f0274640293a14fdd22978",
                "sha256:a77d3e1163a7770164404607b7ba3967fb49b24782a6ef85d9b5f54126cc39e5",
                "sha256:adbdce121896fd3a17a77ab0b0b5eedf05a9834a18699db6829a64e1dfccca7f",
                "sha256:c29e6bd0ec49a44d7690ecb623a8eac5ab8a923bce0bea6293953992edf3a76a",
                "sha256:c72a6b2f4af1adfe193f7beb91ddf708ff867a3f977ef2ec53c0ffb8283ab9f5",
                "sha256:d0a2db9d20117bf523dde15858398e7c0858aadca7c0f088ac0d6edd360e9ad2",
                "sha256:e3ab5d32784e843fc0dd3ab6dcafc67ef806e6b6828dc6af2f689be0eb4d781d",
                "sha256:e428c4fbfa085f947b536706a2fc349245d7baa8334f0c5723c56a10595f9b95",
                "sha256:e8d2859428712785e8a8b7d2b3ef0a1d1565892367b32f915c4a4df44d0e64f5",
                "sha256:eef70b4fc1e872ebddc38cddacc87c19a3709c0e3e5d20bf3954c147b1dd941d",
                "sha256:f64bb98ac59b3ea3bf74b02f13836eb2e24e48e0ab0145bbda646295769bd780",
                "sha256:f9006288bcf4895917d02583cf3411f98631275bc67cce355a7f39f8c14338fa"
            ],
            "index": "pypi",
            "version": "==1.24.2"
        },
        "oauthlib": {
            "hashes": [
                "sha256:8139f29aac13e25d502680e9e19963e83f16838d48a0d71c287fe40e7067fbca",
                "sha256:9859c40929662bec5d64f34d01c99e093149682a3f38915dc0655d5a633dd918"
            ],
            "index": "pypi",
            "version": "==3.2.2"
        },
        "packaging": {
            "hashes": [
                "sha256:714ac14496c3e68c99c29b00845f7a2b85f3bb6f1078fd9f72fd20f0570002b2",
                "sha256:b6ad297f8907de0fa2fe1ccbd26fdaf387f5f47c7275fedf8cce89f99446cf97"
            ],
            "markers": "python_version >= '3.7'",
            "version": "==23.0"
        },
        "pluggy": {
            "hashes": [
                "sha256:4224373bacce55f955a878bf9cfa763c1e360858e330072059e10bad68531159",
                "sha256:74134bbf457f031a36d68416e1509f34bd5ccc019f0bcc952c7b909d06b37bd3"
            ],
            "index": "pypi",
            "version": "==1.0.0"
        },
        "py4j": {
            "hashes": [
                "sha256:36ec57f43ff8ced260a18aa9a4e46c3500a730cac8860e259cbaa546c2b9db2f",
                "sha256:859ba728a7bb43e9c2bf058832759fb97a598bb28cc12f34f5fc4abdec08ede6"
            ],
            "version": "==0.10.9"
        },
        "pyarrow": {
            "hashes": [
                "sha256:1cbcfcbb0e74b4d94f0b7dde447b835a01bc1d16510edb8bb7d6224b9bf5bafc",
                "sha256:25aa11c443b934078bfd60ed63e4e2d42461682b5ac10f67275ea21e60e6042c",
                "sha256:2d53ba72917fdb71e3584ffc23ee4fcc487218f8ff29dd6df3a34c5c48fe8c06",
                "sha256:2d942c690ff24a08b07cb3df818f542a90e4d359381fbff71b8f2aea5bf58841",
                "sha256:2f51dc7ca940fdf17893227edb46b6784d37522ce08d21afc56466898cb213b2",
                "sha256:362a7c881b32dc6b0eccf83411a97acba2774c10edcec715ccaab5ebf3bb0835",
                "sha256:3e99be85973592051e46412accea31828da324531a060bd4585046a74ba45854",
                "sha256:40bb42afa1053c35c749befbe72f6429b7b5f45710e85059cdd534553ebcf4f2",
                "sha256:410624da0708c37e6a27eba321a72f29d277091c8f8d23f72c92bada4092eb5e",
                "sha256:41a1451dd895c0b2964b83d91019e46f15b5564c7ecd5dcb812dadd3f05acc97",
                "sha256:5461c57dbdb211a632a48facb9b39bbeb8a7905ec95d768078525283caef5f6d",
                "sha256:69309be84dcc36422574d19c7d3a30a7ea43804f12552356d1ab2a82a713c418",
                "sha256:7c28b5f248e08dea3b3e0c828b91945f431f4202f1a9fe84d1012a761324e1ba",
                "sha256:8f40be0d7381112a398b93c45a7e69f60261e7b0269cc324e9f739ce272f4f70",
                "sha256:a37bc81f6c9435da3c9c1e767324ac3064ffbe110c4e460660c43e144be4ed85",
                "sha256:aaee8f79d2a120bf3e032d6d64ad20b3af6f56241b0ffc38d201aebfee879d00",
                "sha256:ad42bb24fc44c48f74f0d8c72a9af16ba9a01a2ccda5739a517aa860fa7e3d56",
                "sha256:ad7c53def8dbbc810282ad308cc46a523ec81e653e60a91c609c2233ae407689",
                "sha256:becc2344be80e5dce4e1b80b7c650d2fc2061b9eb339045035a1baa34d5b8f1c",
                "sha256:caad867121f182d0d3e1a0d36f197df604655d0b466f1bc9bafa903aa95083e4",
                "sha256:ccbf29a0dadfcdd97632b4f7cca20a966bb552853ba254e874c66934931b9841",
                "sha256:da93340fbf6f4e2a62815064383605b7ffa3e9eeb320ec839995b1660d69f89b",
                "sha256:e217d001e6389b20a6759392a5ec49d670757af80101ee6b5f2c8ff0172e02ca",
                "sha256:f010ce497ca1b0f17a8243df3048055c0d18dcadbcc70895d5baf8921f753de5",
                "sha256:f12932e5a6feb5c58192209af1d2607d488cb1d404fbc038ac12ada60327fa34"
            ],
            "markers": "python_version >= '3.7'",
            "version": "==11.0.0"
        },
        "pyhive": {
            "hashes": [
                "sha256:10577bb3393e3da3d8ba68b2cfe800edcc1fbb0bf48394fb9a2701740f79665f"
            ],
            "index": "pypi",
            "version": "==0.6.4"
        },
        "pyspark": {
            "hashes": [
                "sha256:5e25ebb18756e9715f4d26848cc7e558035025da74b4fc325a0ebc05ff538e65"
            ],
            "index": "pypi",
            "version": "==3.1.2"
        },
        "pytest": {
            "hashes": [
                "sha256:892f933d339f068883b6fd5a459f03d85bfcb355e4981e146d2c7616c21fef71",
                "sha256:c4014eb40e10f11f355ad4e3c2fb2c6c6d1919c73f3b5a433de4708202cade59"
            ],
            "index": "pypi",
            "version": "==7.2.0"
        },
        "python-dateutil": {
            "hashes": [
                "sha256:0123cacc1627ae19ddf3c27a5de5bd67ee4586fbdd6440d9748f8abb483d3e86",
                "sha256:961d03dc3453ebbc59dbdea9e4e11c5651520a876d0f4db161e8674aae935da9"
            ],
            "markers": "python_version >= '2.7' and python_version not in '3.0, 3.1, 3.2'",
            "version": "==2.8.2"
        },
        "pyyaml": {
            "hashes": [
                "sha256:01b45c0191e6d66c470b6cf1b9531a771a83c1c4208272ead47a3ae4f2f603bf",
                "sha256:0283c35a6a9fbf047493e3a0ce8d79ef5030852c51e9d911a27badfde0605293",
                "sha256:055d937d65826939cb044fc8c9b08889e8c743fdc6a32b33e2390f66013e449b",
                "sha256:07751360502caac1c067a8132d150cf3d61339af5691fe9e87803040dbc5db57",
                "sha256:0b4624f379dab24d3725ffde76559cff63d9ec94e1736b556dacdfebe5ab6d4b",
                "sha256:0ce82d761c532fe4ec3f87fc45688bdd3a4c1dc5e0b4a19814b9009a29baefd4",
                "sha256:1e4747bc279b4f613a09eb64bba2ba602d8a6664c6ce6396a4d0cd413a50ce07",
                "sha256:213c60cd50106436cc818accf5baa1aba61c0189ff610f64f4a3e8c6726218ba",
                "sha256:231710d57adfd809ef5d34183b8ed1eeae3f76459c18fb4a0b373ad56bedcdd9",
                "sha256:277a0ef2981ca40581a47093e9e2d13b3f1fbbeffae064c1d21bfceba2030287",
                "sha256:2cd5df3de48857ed0544b34e2d40e9fac445930039f3cfe4bcc592a1f836d513",
                "sha256:40527857252b61eacd1d9af500c3337ba8deb8fc298940291486c465c8b46ec0",
                "sha256:432557aa2c09802be39460360ddffd48156e30721f5e8d917f01d31694216782",
                "sha256:473f9edb243cb1935ab5a084eb238d842fb8f404ed2193a915d1784b5a6b5fc0",
                "sha256:48c346915c114f5fdb3ead70312bd042a953a8ce5c7106d5bfb1a5254e47da92",
                "sha256:50602afada6d6cbfad699b0c7bb50d5ccffa7e46a3d738092afddc1f9758427f",
                "sha256:68fb519c14306fec9720a2a5b45bc9f0c8d1b9c72adf45c37baedfcd949c35a2",
                "sha256:77f396e6ef4c73fdc33a9157446466f1cff553d979bd00ecb64385760c6babdc",
                "sha256:81957921f441d50af23654aa6c5e5eaf9b06aba7f0a19c18a538dc7ef291c5a1",
                "sha256:819b3830a1543db06c4d4b865e70ded25be52a2e0631ccd2f6a47a2822f2fd7c",
                "sha256:897b80890765f037df3403d22bab41627ca8811ae55e9a722fd0392850ec4d86",
                "sha256:98c4d36e99714e55cfbaaee6dd5badbc9a1ec339ebfc3b1f52e293aee6bb71a4",
                "sha256:9df7ed3b3d2e0ecfe09e14741b857df43adb5a3ddadc919a2d94fbdf78fea53c",
                "sha256:9fa600030013c4de8165339db93d182b9431076eb98eb40ee068700c9c813e34",
                "sha256:a80a78046a72361de73f8f395f1f1e49f956c6be882eed58505a15f3e430962b",
                "sha256:afa17f5bc4d1b10afd4466fd3a44dc0e245382deca5b3c353d8b757f9e3ecb8d",
                "sha256:b3d267842bf12586ba6c734f89d1f5b871df0273157918b0ccefa29deb05c21c",
                "sha256:b5b9eccad747aabaaffbc6064800670f0c297e52c12754eb1d976c57e4f74dcb",
                "sha256:bfaef573a63ba8923503d27530362590ff4f576c626d86a9fed95822a8255fd7",
                "sha256:c5687b8d43cf58545ade1fe3e055f70eac7a5a1a0bf42824308d868289a95737",
                "sha256:cba8c411ef271aa037d7357a2bc8f9ee8b58b9965831d9e51baf703280dc73d3",
                "sha256:d15a181d1ecd0d4270dc32edb46f7cb7733c7c508857278d3d378d14d606db2d",
                "sha256:d4b0ba9512519522b118090257be113b9468d804b19d63c71dbcf4a48fa32358",
                "sha256:d4db7c7aef085872ef65a8fd7d6d09a14ae91f691dec3e87ee5ee0539d516f53",
                "sha256:d4eccecf9adf6fbcc6861a38015c2a64f38b9d94838ac1810a9023a0609e1b78",
                "sha256:d67d839ede4ed1b28a4e8909735fc992a923cdb84e618544973d7dfc71540803",
                "sha256:daf496c58a8c52083df09b80c860005194014c3698698d1a57cbcfa182142a3a",
                "sha256:dbad0e9d368bb989f4515da330b88a057617d16b6a8245084f1b05400f24609f",
                "sha256:e61ceaab6f49fb8bdfaa0f92c4b57bcfbea54c09277b1b4f7ac376bfb7a7c174",
                "sha256:f84fbc98b019fef2ee9a1cb3ce93e3187a6df0b2538a651bfb890254ba9f90b5"
            ],
            "index": "pypi",
            "version": "==6.0"
        },
        "s3transfer": {
            "hashes": [
                "sha256:7a6f4c4d1fdb9a2b640244008e142cbc2cd3ae34b386584ef044dd0f27101971",
                "sha256:95c58c194ce657a5f4fb0b9e60a84968c808888aed628cd98ab8771fe1db98ed"
            ],
            "markers": "python_version >= '3.6'",
            "version": "==0.5.2"
        },
        "setuptools": {
            "hashes": [
                "sha256:a7687c12b444eaac951ea87a9627c4f904ac757e7abdc5aac32833234af90378",
                "sha256:e261cdf010c11a41cb5cb5f1bf3338a7433832029f559a6a7614bd42a967c300"
            ],
            "index": "pypi",
            "version": "==67.1.0"
        },
        "six": {
            "hashes": [
                "sha256:1e61c37477a1626458e36f7b1d82aa5c9b094fa4802892072e49de9c60c4c926",
                "sha256:8abb2f1d86890a2dfb989f9a77cfcfd3e47c2a354b01111771326f8aa26e0254"
            ],
            "markers": "python_version >= '2.7' and python_version not in '3.0, 3.1, 3.2'",
            "version": "==1.16.0"
        },
        "sqlalchemy": {
            "hashes": [
                "sha256:07ac4461a1116b317519ddf6f34bcb00b011b5c1370ebeaaf56595504ffc7e84",
                "sha256:090536fd23bf49077ee94ff97142bc5ee8bad24294c3d7c8d5284267c885dde7",
                "sha256:1dee515578d04bc80c4f9a8c8cfe93f455db725059e885f1b1da174d91c4d077",
                "sha256:1ef37c9ec2015ce2f0dc1084514e197f2f199d3dc3514190db7620b78e6004c8",
                "sha256:295b90efef1278f27fe27d94a45460ae3c17f5c5c2b32c163e29c359740a1599",
                "sha256:2ce42ad1f59eb85c55c44fb505f8854081ee23748f76b62a7f569cfa9b6d0604",
                "sha256:2feb028dc75e13ba93456a42ac042b255bf94dbd692bf80b47b22653bb25ccf8",
                "sha256:31f4426cfad19b5a50d07153146b2bcb372a279975d5fa39f98883c0ef0f3313",
                "sha256:3c0c5f54560a92691d54b0768d67b4d3159e514b426cfcb1258af8c195577e8f",
                "sha256:463ef692259ff8189be42223e433542347ae17e33f91c1013e9c5c64e2798088",
                "sha256:4a882dedb9dfa6f33524953c3e3d72bcf518a5defd6d5863150a821928b19ad3",
                "sha256:4c185c928e2638af9bae13acc3f70e0096eac76471a1101a10f96b80666b8270",
                "sha256:5039faa365e7522a8eb4736a54afd24a7e75dcc33b81ab2f0e6c456140f1ad64",
                "sha256:5c6774b34782116ad9bdec61c2dbce9faaca4b166a0bc8e7b03c2b870b121d94",
                "sha256:6bc7f9d7d90ef55e8c6db1308a8619cd8f40e24a34f759119b95e7284dca351a",
                "sha256:7e8ef103eaa72a857746fd57dda5b8b5961e8e82a528a3f8b7e2884d8506f0b7",
                "sha256:7ef421c3887b39c6f352e5022a53ac18de8387de331130481cb956b2d029cad6",
                "sha256:908fad32c53b17aad12d722379150c3c5317c422437e44032256a77df1746292",
                "sha256:91efbda4e6d311812f23996242bad7665c1392209554f8a31ec6db757456db5c",
                "sha256:a6506c17b0b6016656783232d0bdd03fd333f1f654d51a14d93223f953903646",
                "sha256:a95bf9c725012dcd7ea3cac16bf647054e0d62b31d67467d228338e6a163e4ff",
                "sha256:ad7e403fc1e3cb76e802872694e30d6ca6129b9bc6ad4e7caa48ca35f8a144f8",
                "sha256:b86f762cee3709722ab4691981958cbec475ea43406a6916a7ec375db9cbd9e9",
                "sha256:ba84026e84379326bbf2f0c50792f2ae56ab9c01937df5597b6893810b8ca369",
                "sha256:bca660b76672e15d70a7dba5e703e1ce451a0257b6bd2028e62b0487885e8ae9",
                "sha256:c24c01dcd03426a5fe5ee7af735906bec6084977b9027a3605d11d949a565c01",
                "sha256:c2f2114b0968a280f94deeeaa31cfbac9175e6ac7bd3058b3ce6e054ecd762b3",
                "sha256:c46f013ff31b80cbe36410281675e1fb4eaf3e25c284fd8a69981c73f6fa4cb4",
                "sha256:c757ba1279b85b3460e72e8b92239dae6f8b060a75fb24b3d9be984dd78cfa55",
                "sha256:cc6b21f19bc9d4cd77cbcba5f3b260436ce033f1053cea225b6efea2603d201e",
                "sha256:dbf588ab09e522ac2cbd010919a592c6aae2f15ccc3cd9a96d01c42fbc13f63e",
                "sha256:de996756d894a2d52c132742e3b6d64ecd37e0919ddadf4dc3981818777c7e67",
                "sha256:e700d48056475d077f867e6a36e58546de71bdb6fdc3d34b879e3240827fefab",
                "sha256:f1e97c5f36b94542f72917b62f3a2f92be914b2cf33b80fa69cede7529241d2a",
                "sha256:fb2aa74a6e3c2cebea38dd21633671841fbe70ea486053cba33d68e3e22ccc0a",
                "sha256:ff8f91a7b1c4a1c7772caa9efe640f2768828897044748f2458b708f1026e2d4"
            ],
            "index": "pypi",
            "version": "==1.4.26"
        },
        "tomli": {
            "hashes": [
                "sha256:939de3e7a6161af0c887ef91b7d41a53e7c5a1ca976325f429cb46ea9bc30ecc",
                "sha256:de526c12914f0c550d15924c62d72abc48d6fe7364aa87328337a31007fe8a4f"
            ],
            "markers": "python_version < '3.11'",
            "version": "==2.0.1"
        },
        "urllib3": {
            "hashes": [
                "sha256:076907bf8fd355cde77728471316625a4d2f7e713c125f51953bb5b3eecf4f72",
                "sha256:75edcdc2f7d85b137124a6c3c9fc3933cdeaa12ecb9a6a959f22797a0feca7e1"
            ],
            "index": "pypi",
            "version": "==1.26.14"
        },
        "zipp": {
            "hashes": [
                "sha256:112929ad649da941c23de50f356a2b5570c954b65150642bccdd66bf194d224b",
                "sha256:48904fc76a60e542af151aded95726c1a5c34ed43ab4134b597665c86d7ad556"
            ],
            "markers": "python_version >= '3.7'",
            "version": "==3.15.0"
        }
    },
    "develop": {}
}
